
Microsoft Visual Studio Solution File, Format Version 12.00
# Visual Studio 15
VisualStudioVersion = 15.0.28307.421
MinimumVisualStudioVersion = 10.0.40219.1
Project("{FAE04EC0-301F-11D3-BF4B-00C04F79EFBC}") = "DriverHub", "DriverHub\DriverHub.csproj", "{64308775-BD4A-469C-BCAB-3ED830B811AF}"
EndProject
Project("{FAE04EC0-301F-11D3-BF4B-00C04F79EFBC}") = "TalonSuccessor", "TalonSuccessor\TalonSuccessor.csproj", "{3689A2CB-94C5-4012-A5CF-7E7D1DD27143}"
EndProject
Project("{FAE04EC0-301F-11D3-BF4B-00C04F79EFBC}") = "Test", "Test\Test.csproj", "{D5207217-61C7-4E94-8097-91DBACE57D2A}"
EndProject
Global
	GlobalSection(SolutionConfigurationPlatforms) = preSolution
		Debug|Any CPU = Debug|Any CPU
		Debug|x86 = Debug|x86
		Release|Any CPU = Release|Any CPU
		Release|x86 = Release|x86
	EndGlobalSection
	GlobalSection(ProjectConfigurationPlatforms) = postSolution
		{64308775-BD4A-469C-BCAB-3ED830B811AF}.Debug|Any CPU.ActiveCfg = Debug|Any CPU
		{64308775-BD4A-469C-BCAB-3ED830B811AF}.Debug|Any CPU.Build.0 = Debug|Any CPU
		{64308775-BD4A-469C-BCAB-3ED830B811AF}.Debug|x86.ActiveCfg = Debug|Any CPU
		{64308775-BD4A-469C-BCAB-3ED830B811AF}.Debug|x86.Build.0 = Debug|Any CPU
		{64308775-BD4A-469C-BCAB-3ED830B811AF}.Release|Any CPU.ActiveCfg = Release|Any CPU
		{64308775-BD4A-469C-BCAB-3ED830B811AF}.Release|Any CPU.Build.0 = Release|Any CPU
		{64308775-BD4A-469C-BCAB-3ED830B811AF}.Release|x86.ActiveCfg = Release|Any CPU
		{64308775-BD4A-469C-BCAB-3ED830B811AF}.Release|x86.Build.0 = Release|Any CPU
		{3689A2CB-94C5-4012-A5CF-7E7D1DD27143}.Debug|Any CPU.ActiveCfg = Debug|Any CPU
		{3689A2CB-94C5-4012-A5CF-7E7D1DD27143}.Debug|Any CPU.Build.0 = Debug|Any CPU
		{3689A2CB-94C5-4012-A5CF-7E7D1DD27143}.Debug|x86.ActiveCfg = Debug|Any CPU
		{3689A2CB-94C5-4012-A5CF-7E7D1DD27143}.Debug|x86.Build.0 = Debug|Any CPU
		{3689A2CB-94C5-4012-A5CF-7E7D1DD27143}.Release|Any CPU.ActiveCfg = Release|Any CPU
		{3689A2CB-94C5-4012-A5CF-7E7D1DD27143}.Release|Any CPU.Build.0 = Release|Any CPU
		{3689A2CB-94C5-4012-A5CF-7E7D1DD27143}.Release|x86.ActiveCfg = Release|Any CPU
		{3689A2CB-94C5-4012-A5CF-7E7D1DD27143}.Release|x86.Build.0 = Release|Any CPU
		{D5207217-61C7-4E94-8097-91DBACE57D2A}.Debug|Any CPU.ActiveCfg = Debug|x86
		{D5207217-61C7-4E94-8097-91DBACE57D2A}.Debug|Any CPU.Build.0 = Debug|x86
		{D5207217-61C7-4E94-8097-91DBACE57D2A}.Debug|x86.ActiveCfg = Debug|x86
		{D5207217-61C7-4E94-8097-91DBACE57D2A}.Debug|x86.Build.0 = Debug|x86
		{D5207217-61C7-4E94-8097-91DBACE57D2A}.Release|Any CPU.ActiveCfg = Release|x86
		{D5207217-61C7-4E94-8097-91DBACE57D2A}.Release|x86.ActiveCfg = Release|x86
		{D5207217-61C7-4E94-8097-91DBACE57D2A}.Release|x86.Build.0 = Release|x86
	EndGlobalSection
	GlobalSection(SolutionProperties) = preSolution
		HideSolutionNode = FALSE
	EndGlobalSection
	GlobalSection(ExtensibilityGlobals) = postSolution
		SolutionGuid = {EEADA569-9B39-41C6-ABE8-EA04A92852BD}
	EndGlobalSection
EndGlobal
